
Microsoft Visual Studio Solution File, Format Version 12.00
# Visual Studio Version 17
VisualStudioVersion = 17.5.002.0
MinimumVisualStudioVersion = 10.0.40219.1
Project("{9A19103F-16F7-4668-BE54-9A1E7A4F7556}") = "EDU System", "EDU System.csproj", "{4298AA1E-9EF6-425E-A674-DCB234602F1D}"
EndProject
Global
	GlobalSection(SolutionConfigurationPlatforms) = preSolution
		Debug|Any CPU = Debug|Any CPU
		Release|Any CPU = Release|Any CPU
	EndGlobalSection
	GlobalSection(ProjectConfigurationPlatforms) = postSolution
		{4298AA1E-9EF6-425E-A674-DCB234602F1D}.Debug|Any CPU.ActiveCfg = Debug|Any CPU
		{4298AA1E-9EF6-425E-A674-DCB234602F1D}.Debug|Any CPU.Build.0 = Debug|Any CPU
		{4298AA1E-9EF6-425E-A674-DCB234602F1D}.Release|Any CPU.ActiveCfg = Release|Any CPU
		{4298AA1E-9EF6-425E-A674-DCB234602F1D}.Release|Any CPU.Build.0 = Release|Any CPU
	EndGlobalSection
	GlobalSection(SolutionProperties) = preSolution
		HideSolutionNode = FALSE
	EndGlobalSection
	GlobalSection(ExtensibilityGlobals) = postSolution
		SolutionGuid = {EEA6F2BF-B20C-4CE2-98B7-72417F3B2F28}
	EndGlobalSection
EndGlobal
